
Microsoft Visual Studio Solution File, Format Version 12.00
# Visual Studio Version 16
VisualStudioVersion = 16.0.32901.82
MinimumVisualStudioVersion = 10.0.40219.1
Project("{FAE04EC0-301F-11D3-BF4B-00C04F79EFBC}") = "TH3.Android", "TH3\TH3.Android\TH3.Android.csproj", "{04499A45-AAD6-4506-9DDF-4B601D87653A}"
EndProject
Project("{FAE04EC0-301F-11D3-BF4B-00C04F79EFBC}") = "TH3.iOS", "TH3\TH3.iOS\TH3.iOS.csproj", "{711F6985-5F57-441B-96D5-54CB4AEEF278}"
EndProject
Project("{FAE04EC0-301F-11D3-BF4B-00C04F79EFBC}") = "TH3", "TH3\TH3\TH3.csproj", "{AA5179BE-65E0-43A2-BE1D-F9575384876E}"
EndProject
Global
	GlobalSection(SolutionConfigurationPlatforms) = preSolution
		Debug|Any CPU = Debug|Any CPU
		Debug|iPhone = Debug|iPhone
		Debug|iPhoneSimulator = Debug|iPhoneSimulator
		Release|Any CPU = Release|Any CPU
		Release|iPhone = Release|iPhone
		Release|iPhoneSimulator = Release|iPhoneSimulator
	EndGlobalSection
	GlobalSection(ProjectConfigurationPlatforms) = postSolution
		{04499A45-AAD6-4506-9DDF-4B601D87653A}.Debug|Any CPU.ActiveCfg = Debug|Any CPU
		{04499A45-AAD6-4506-9DDF-4B601D87653A}.Debug|Any CPU.Build.0 = Debug|Any CPU
		{04499A45-AAD6-4506-9DDF-4B601D87653A}.Debug|Any CPU.Deploy.0 = Debug|Any CPU
		{04499A45-AAD6-4506-9DDF-4B601D87653A}.Debug|iPhone.ActiveCfg = Debug|Any CPU
		{04499A45-AAD6-4506-9DDF-4B601D87653A}.Debug|iPhone.Build.0 = Debug|Any CPU
		{04499A45-AAD6-4506-9DDF-4B601D87653A}.Debug|iPhone.Deploy.0 = Debug|Any CPU
		{04499A45-AAD6-4506-9DDF-4B601D87653A}.Debug|iPhoneSimulator.ActiveCfg = Debug|Any CPU
		{04499A45-AAD6-4506-9DDF-4B601D87653A}.Debug|iPhoneSimulator.Build.0 = Debug|Any CPU
		{04499A45-AAD6-4506-9DDF-4B601D87653A}.Debug|iPhoneSimulator.Deploy.0 = Debug|Any CPU
		{04499A45-AAD6-4506-9DDF-4B601D87653A}.Release|Any CPU.ActiveCfg = Release|Any CPU
		{04499A45-AAD6-4506-9DDF-4B601D87653A}.Release|Any CPU.Build.0 = Release|Any CPU
		{04499A45-AAD6-4506-9DDF-4B601D87653A}.Release|Any CPU.Deploy.0 = Release|Any CPU
		{04499A45-AAD6-4506-9DDF-4B601D87653A}.Release|iPhone.ActiveCfg = Release|Any CPU
		{04499A45-AAD6-4506-9DDF-4B601D87653A}.Release|iPhone.Build.0 = Release|Any CPU
		{04499A45-AAD6-4506-9DDF-4B601D87653A}.Release|iPhone.Deploy.0 = Release|Any CPU
		{04499A45-AAD6-4506-9DDF-4B601D87653A}.Release|iPhoneSimulator.ActiveCfg = Release|Any CPU
		{04499A45-AAD6-4506-9DDF-4B601D87653A}.Release|iPhoneSimulator.Build.0 = Release|Any CPU
		{04499A45-AAD6-4506-9DDF-4B601D87653A}.Release|iPhoneSimulator.Deploy.0 = Release|Any CPU
		{711F6985-5F57-441B-96D5-54CB4AEEF278}.Debug|Any CPU.ActiveCfg = Debug|iPhone
		{711F6985-5F57-441B-96D5-54CB4AEEF278}.Debug|Any CPU.Build.0 = Debug|iPhone
		{711F6985-5F57-441B-96D5-54CB4AEEF278}.Debug|Any CPU.Deploy.0 = Debug|iPhone
		{711F6985-5F57-441B-96D5-54CB4AEEF278}.Debug|iPhone.ActiveCfg = Debug|iPhone
		{711F6985-5F57-441B-96D5-54CB4AEEF278}.Debug|iPhone.Build.0 = Debug|iPhone
		{711F6985-5F57-441B-96D5-54CB4AEEF278}.Debug|iPhone.Deploy.0 = Debug|iPhone
		{711F6985-5F57-441B-96D5-54CB4AEEF278}.Debug|iPhoneSimulator.ActiveCfg = Debug|iPhoneSimulator
		{711F6985-5F57-441B-96D5-54CB4AEEF278}.Debug|iPhoneSimulator.Build.0 = Debug|iPhoneSimulator
		{711F6985-5F57-441B-96D5-54CB4AEEF278}.Debug|iPhoneSimulator.Deploy.0 = Debug|iPhoneSimulator
		{711F6985-5F57-441B-96D5-54CB4AEEF278}.Release|Any CPU.ActiveCfg = Release|iPhoneSimulator
		{711F6985-5F57-441B-96D5-54CB4AEEF278}.Release|Any CPU.Build.0 = Release|iPhoneSimulator
		{711F6985-5F57-441B-96D5-54CB4AEEF278}.Release|Any CPU.Deploy.0 = Release|iPhoneSimulator
		{711F6985-5F57-441B-96D5-54CB4AEEF278}.Release|iPhone.ActiveCfg = Release|iPhone
		{711F6985-5F57-441B-96D5-54CB4AEEF278}.Release|iPhone.Build.0 = Release|iPhone
		{711F6985-5F57-441B-96D5-54CB4AEEF278}.Release|iPhone.Deploy.0 = Release|iPhone
		{711F6985-5F57-441B-96D5-54CB4AEEF278}.Release|iPhoneSimulator.ActiveCfg = Release|iPhoneSimulator
		{711F6985-5F57-441B-96D5-54CB4AEEF278}.Release|iPhoneSimulator.Build.0 = Release|iPhoneSimulator
		{711F6985-5F57-441B-96D5-54CB4AEEF278}.Release|iPhoneSimulator.Deploy.0 = Release|iPhoneSimulator
		{AA5179BE-65E0-43A2-BE1D-F9575384876E}.Debug|Any CPU.ActiveCfg = Debug|Any CPU
		{AA5179BE-65E0-43A2-BE1D-F9575384876E}.Debug|Any CPU.Build.0 = Debug|Any CPU
		{AA5179BE-65E0-43A2-BE1D-F9575384876E}.Debug|Any CPU.Deploy.0 = Debug|Any CPU
		{AA5179BE-65E0-43A2-BE1D-F9575384876E}.Debug|iPhone.ActiveCfg = Debug|Any CPU
		{AA5179BE-65E0-43A2-BE1D-F9575384876E}.Debug|iPhone.Build.0 = Debug|Any CPU
		{AA5179BE-65E0-43A2-BE1D-F9575384876E}.Debug|iPhone.Deploy.0 = Debug|Any CPU
		{AA5179BE-65E0-43A2-BE1D-F9575384876E}.Debug|iPhoneSimulator.ActiveCfg = Debug|Any CPU
		{AA5179BE-65E0-43A2-BE1D-F9575384876E}.Debug|iPhoneSimulator.Build.0 = Debug|Any CPU
		{AA5179BE-65E0-43A2-BE1D-F9575384876E}.Debug|iPhoneSimulator.Deploy.0 = Debug|Any CPU
		{AA5179BE-65E0-43A2-BE1D-F9575384876E}.Release|Any CPU.ActiveCfg = Release|Any CPU
		{AA5179BE-65E0-43A2-BE1D-F9575384876E}.Release|Any CPU.Build.0 = Release|Any CPU
		{AA5179BE-65E0-43A2-BE1D-F9575384876E}.Release|Any CPU.Deploy.0 = Release|Any CPU
		{AA5179BE-65E0-43A2-BE1D-F9575384876E}.Release|iPhone.ActiveCfg = Release|Any CPU
		{AA5179BE-65E0-43A2-BE1D-F9575384876E}.Release|iPhone.Build.0 = Release|Any CPU
		{AA5179BE-65E0-43A2-BE1D-F9575384876E}.Release|iPhone.Deploy.0 = Release|Any CPU
		{AA5179BE-65E0-43A2-BE1D-F9575384876E}.Release|iPhoneSimulator.ActiveCfg = Release|Any CPU
		{AA5179BE-65E0-43A2-BE1D-F9575384876E}.Release|iPhoneSimulator.Build.0 = Release|Any CPU
		{AA5179BE-65E0-43A2-BE1D-F9575384876E}.Release|iPhoneSimulator.Deploy.0 = Release|Any CPU
	EndGlobalSection
	GlobalSection(SolutionProperties) = preSolution
		HideSolutionNode = FALSE
	EndGlobalSection
	GlobalSection(ExtensibilityGlobals) = postSolution
		SolutionGuid = {4FC26A05-0A58-4112-8240-8741F4D77DE9}
	EndGlobalSection
EndGlobal
